// !$*UTF8*$!
{
	archiveVersion = 1;
	classes = {
	};
	objectVersion = 50;
	objects = {

/* Begin PBXBuildFile section */
		8D2D65FA2275A7DAF7811C28 /* Pods_MindfulWasteOfficialTests.framework in Frameworks */ = {isa = PBXBuildFile; fileRef = E49E472B42DC06CC70FEE0BC /* Pods_MindfulWasteOfficialTests.framework */; };
		950F054B230FCDC100B44470 /* Intro.storyboard in Resources */ = {isa = PBXBuildFile; fileRef = 950F054A230FCDC100B44470 /* Intro.storyboard */; };
		950F054D230FCF8200B44470 /* Constants.swift in Sources */ = {isa = PBXBuildFile; fileRef = 950F054C230FCF8200B44470 /* Constants.swift */; };
		950F05552310D58400B44470 /* IntroViewController.swift in Sources */ = {isa = PBXBuildFile; fileRef = 950F05542310D58400B44470 /* IntroViewController.swift */; };
		950F05582310D69B00B44470 /* MindfulWasteBaseViewController.swift in Sources */ = {isa = PBXBuildFile; fileRef = 950F05572310D69B00B44470 /* MindfulWasteBaseViewController.swift */; };
		950F055A2310D83D00B44470 /* Main.storyboard in Resources */ = {isa = PBXBuildFile; fileRef = 950F05592310D83D00B44470 /* Main.storyboard */; };
		950F055C2310D86A00B44470 /* VolunteerLoginViewController.swift in Sources */ = {isa = PBXBuildFile; fileRef = 950F055B2310D86A00B44470 /* VolunteerLoginViewController.swift */; };
		950F055E2310D88F00B44470 /* AdminLoginViewController.swift in Sources */ = {isa = PBXBuildFile; fileRef = 950F055D2310D88F00B44470 /* AdminLoginViewController.swift */; };
		950F05612310E1A000B44470 /* HomeViewController.swift in Sources */ = {isa = PBXBuildFile; fileRef = 950F05602310E1A000B44470 /* HomeViewController.swift */; };
		950F05652310E7E300B44470 /* LoginController.swift in Sources */ = {isa = PBXBuildFile; fileRef = 950F05642310E7E300B44470 /* LoginController.swift */; };
		950F05672310E87B00B44470 /* MindfulWasteUser.swift in Sources */ = {isa = PBXBuildFile; fileRef = 950F05662310E87B00B44470 /* MindfulWasteUser.swift */; };
		95921C6B2155F88900978330 /* AppDelegate.swift in Sources */ = {isa = PBXBuildFile; fileRef = 95921C6A2155F88900978330 /* AppDelegate.swift */; };
		95921C722155F88B00978330 /* Assets.xcassets in Resources */ = {isa = PBXBuildFile; fileRef = 95921C712155F88B00978330 /* Assets.xcassets */; };
		95921C752155F88B00978330 /* LaunchScreen.storyboard in Resources */ = {isa = PBXBuildFile; fileRef = 95921C732155F88B00978330 /* LaunchScreen.storyboard */; };
		95921C802155F88B00978330 /* MindfulWasteOfficialTests.swift in Sources */ = {isa = PBXBuildFile; fileRef = 95921C7F2155F88B00978330 /* MindfulWasteOfficialTests.swift */; };
		95921C8B2155F88B00978330 /* MindfulWasteOfficialUITests.swift in Sources */ = {isa = PBXBuildFile; fileRef = 95921C8A2155F88B00978330 /* MindfulWasteOfficialUITests.swift */; };
		95F7162723148216006BBF84 /* NewReportViewController.swift in Sources */ = {isa = PBXBuildFile; fileRef = 95F7162623148216006BBF84 /* NewReportViewController.swift */; };
		95F7162A2314A3E9006BBF84 /* NewReportCell.swift in Sources */ = {isa = PBXBuildFile; fileRef = 95F716292314A3E9006BBF84 /* NewReportCell.swift */; };
		95F7162D2314A435006BBF84 /* NewReportCell.xib in Resources */ = {isa = PBXBuildFile; fileRef = 95F7162C2314A435006BBF84 /* NewReportCell.xib */; };
		9B0FFE8032E831746D2B6D1C /* Pods_MindfulWasteOfficialUITests.framework in Frameworks */ = {isa = PBXBuildFile; fileRef = C4831B2E647B692B56B318D7 /* Pods_MindfulWasteOfficialUITests.framework */; };
		D63DEB5A4B9A35BE2CBD3749 /* Pods_MindfulWasteOfficial.framework in Frameworks */ = {isa = PBXBuildFile; fileRef = 687143EA1468C46A01BBF885 /* Pods_MindfulWasteOfficial.framework */; };
/* End PBXBuildFile section */

/* Begin PBXContainerItemProxy section */
		95921C7C2155F88B00978330 /* PBXContainerItemProxy */ = {
			isa = PBXContainerItemProxy;
			containerPortal = 95921C5F2155F88900978330 /* Project object */;
			proxyType = 1;
			remoteGlobalIDString = 95921C662155F88900978330;
			remoteInfo = MindfulWasteOfficial;
		};
		95921C872155F88B00978330 /* PBXContainerItemProxy */ = {
			isa = PBXContainerItemProxy;
			containerPortal = 95921C5F2155F88900978330 /* Project object */;
			proxyType = 1;
			remoteGlobalIDString = 95921C662155F88900978330;
			remoteInfo = MindfulWasteOfficial;
		};
/* End PBXContainerItemProxy section */

/* Begin PBXFileReference section */
		182672F403ABFB0B6025A359 /* Pods-MindfulWasteOfficial.debug.xcconfig */ = {isa = PBXFileReference; includeInIndex = 1; lastKnownFileType = text.xcconfig; name = "Pods-MindfulWasteOfficial.debug.xcconfig"; path = "Pods/Target Support Files/Pods-MindfulWasteOfficial/Pods-MindfulWasteOfficial.debug.xcconfig"; sourceTree = "<group>"; };
		1F238026947CAE408510F37B /* Pods-MindfulWasteOfficialUITests.release.xcconfig */ = {isa = PBXFileReference; includeInIndex = 1; lastKnownFileType = text.xcconfig; name = "Pods-MindfulWasteOfficialUITests.release.xcconfig"; path = "Pods/Target Support Files/Pods-MindfulWasteOfficialUITests/Pods-MindfulWasteOfficialUITests.release.xcconfig"; sourceTree = "<group>"; };
		2485717E7182226A95A9959A /* Pods-MindfulWasteOfficialTests.debug.xcconfig */ = {isa = PBXFileReference; includeInIndex = 1; lastKnownFileType = text.xcconfig; name = "Pods-MindfulWasteOfficialTests.debug.xcconfig"; path = "Pods/Target Support Files/Pods-MindfulWasteOfficialTests/Pods-MindfulWasteOfficialTests.debug.xcconfig"; sourceTree = "<group>"; };
		4577BE6A7AE9919E8C87CD83 /* Pods-MindfulWasteOfficial.release.xcconfig */ = {isa = PBXFileReference; includeInIndex = 1; lastKnownFileType = text.xcconfig; name = "Pods-MindfulWasteOfficial.release.xcconfig"; path = "Pods/Target Support Files/Pods-MindfulWasteOfficial/Pods-MindfulWasteOfficial.release.xcconfig"; sourceTree = "<group>"; };
		65F9DA0AE5D17117DBD80CA4 /* Pods-MindfulWasteOfficialTests.release.xcconfig */ = {isa = PBXFileReference; includeInIndex = 1; lastKnownFileType = text.xcconfig; name = "Pods-MindfulWasteOfficialTests.release.xcconfig"; path = "Pods/Target Support Files/Pods-MindfulWasteOfficialTests/Pods-MindfulWasteOfficialTests.release.xcconfig"; sourceTree = "<group>"; };
		687143EA1468C46A01BBF885 /* Pods_MindfulWasteOfficial.framework */ = {isa = PBXFileReference; explicitFileType = wrapper.framework; includeInIndex = 0; path = Pods_MindfulWasteOfficial.framework; sourceTree = BUILT_PRODUCTS_DIR; };
		950F054A230FCDC100B44470 /* Intro.storyboard */ = {isa = PBXFileReference; lastKnownFileType = file.storyboard; path = Intro.storyboard; sourceTree = "<group>"; };
		950F054C230FCF8200B44470 /* Constants.swift */ = {isa = PBXFileReference; lastKnownFileType = sourcecode.swift; path = Constants.swift; sourceTree = "<group>"; };
		950F05542310D58400B44470 /* IntroViewController.swift */ = {isa = PBXFileReference; lastKnownFileType = sourcecode.swift; path = IntroViewController.swift; sourceTree = "<group>"; };
		950F05572310D69B00B44470 /* MindfulWasteBaseViewController.swift */ = {isa = PBXFileReference; lastKnownFileType = sourcecode.swift; path = MindfulWasteBaseViewController.swift; sourceTree = "<group>"; };
		950F05592310D83D00B44470 /* Main.storyboard */ = {isa = PBXFileReference; lastKnownFileType = file.storyboard; path = Main.storyboard; sourceTree = "<group>"; };
		950F055B2310D86A00B44470 /* VolunteerLoginViewController.swift */ = {isa = PBXFileReference; lastKnownFileType = sourcecode.swift; path = VolunteerLoginViewController.swift; sourceTree = "<group>"; };
		950F055D2310D88F00B44470 /* AdminLoginViewController.swift */ = {isa = PBXFileReference; lastKnownFileType = sourcecode.swift; path = AdminLoginViewController.swift; sourceTree = "<group>"; };
		950F05602310E1A000B44470 /* HomeViewController.swift */ = {isa = PBXFileReference; lastKnownFileType = sourcecode.swift; path = HomeViewController.swift; sourceTree = "<group>"; };
		950F05642310E7E300B44470 /* LoginController.swift */ = {isa = PBXFileReference; lastKnownFileType = sourcecode.swift; path = LoginController.swift; sourceTree = "<group>"; };
		950F05662310E87B00B44470 /* MindfulWasteUser.swift */ = {isa = PBXFileReference; lastKnownFileType = sourcecode.swift; path = MindfulWasteUser.swift; sourceTree = "<group>"; };
		95921C672155F88900978330 /* MindfulWasteOfficial.app */ = {isa = PBXFileReference; explicitFileType = wrapper.application; includeInIndex = 0; path = MindfulWasteOfficial.app; sourceTree = BUILT_PRODUCTS_DIR; };
		95921C6A2155F88900978330 /* AppDelegate.swift */ = {isa = PBXFileReference; lastKnownFileType = sourcecode.swift; path = AppDelegate.swift; sourceTree = "<group>"; };
		95921C712155F88B00978330 /* Assets.xcassets */ = {isa = PBXFileReference; lastKnownFileType = folder.assetcatalog; path = Assets.xcassets; sourceTree = "<group>"; };
		95921C742155F88B00978330 /* Base */ = {isa = PBXFileReference; lastKnownFileType = file.storyboard; name = Base; path = Base.lproj/LaunchScreen.storyboard; sourceTree = "<group>"; };
		95921C762155F88B00978330 /* Info.plist */ = {isa = PBXFileReference; lastKnownFileType = text.plist.xml; path = Info.plist; sourceTree = "<group>"; };
		95921C7B2155F88B00978330 /* MindfulWasteOfficialTests.xctest */ = {isa = PBXFileReference; explicitFileType = wrapper.cfbundle; includeInIndex = 0; path = MindfulWasteOfficialTests.xctest; sourceTree = BUILT_PRODUCTS_DIR; };
		95921C7F2155F88B00978330 /* MindfulWasteOfficialTests.swift */ = {isa = PBXFileReference; lastKnownFileType = sourcecode.swift; path = MindfulWasteOfficialTests.swift; sourceTree = "<group>"; };
		95921C812155F88B00978330 /* Info.plist */ = {isa = PBXFileReference; lastKnownFileType = text.plist.xml; path = Info.plist; sourceTree = "<group>"; };
		95921C862155F88B00978330 /* MindfulWasteOfficialUITests.xctest */ = {isa = PBXFileReference; explicitFileType = wrapper.cfbundle; includeInIndex = 0; path = MindfulWasteOfficialUITests.xctest; sourceTree = BUILT_PRODUCTS_DIR; };
		95921C8A2155F88B00978330 /* MindfulWasteOfficialUITests.swift */ = {isa = PBXFileReference; lastKnownFileType = sourcecode.swift; path = MindfulWasteOfficialUITests.swift; sourceTree = "<group>"; };
		95921C8C2155F88B00978330 /* Info.plist */ = {isa = PBXFileReference; lastKnownFileType = text.plist.xml; path = Info.plist; sourceTree = "<group>"; };
		95F7162623148216006BBF84 /* NewReportViewController.swift */ = {isa = PBXFileReference; lastKnownFileType = sourcecode.swift; path = NewReportViewController.swift; sourceTree = "<group>"; };
		95F716292314A3E9006BBF84 /* NewReportCell.swift */ = {isa = PBXFileReference; lastKnownFileType = sourcecode.swift; path = NewReportCell.swift; sourceTree = "<group>"; };
		95F7162C2314A435006BBF84 /* NewReportCell.xib */ = {isa = PBXFileReference; lastKnownFileType = file.xib; path = NewReportCell.xib; sourceTree = "<group>"; };
		C4831B2E647B692B56B318D7 /* Pods_MindfulWasteOfficialUITests.framework */ = {isa = PBXFileReference; explicitFileType = wrapper.framework; includeInIndex = 0; path = Pods_MindfulWasteOfficialUITests.framework; sourceTree = BUILT_PRODUCTS_DIR; };
		E49E472B42DC06CC70FEE0BC /* Pods_MindfulWasteOfficialTests.framework */ = {isa = PBXFileReference; explicitFileType = wrapper.framework; includeInIndex = 0; path = Pods_MindfulWasteOfficialTests.framework; sourceTree = BUILT_PRODUCTS_DIR; };
		EC67F2F82499F4F519FB6899 /* Pods-MindfulWasteOfficialUITests.debug.xcconfig */ = {isa = PBXFileReference; includeInIndex = 1; lastKnownFileType = text.xcconfig; name = "Pods-MindfulWasteOfficialUITests.debug.xcconfig"; path = "Pods/Target Support Files/Pods-MindfulWasteOfficialUITests/Pods-MindfulWasteOfficialUITests.debug.xcconfig"; sourceTree = "<group>"; };
/* End PBXFileReference section */

/* Begin PBXFrameworksBuildPhase section */
		95921C642155F88900978330 /* Frameworks */ = {
			isa = PBXFrameworksBuildPhase;
			buildActionMask = 2147483647;
			files = (
				D63DEB5A4B9A35BE2CBD3749 /* Pods_MindfulWasteOfficial.framework in Frameworks */,
			);
			runOnlyForDeploymentPostprocessing = 0;
		};
		95921C782155F88B00978330 /* Frameworks */ = {
			isa = PBXFrameworksBuildPhase;
			buildActionMask = 2147483647;
			files = (
				8D2D65FA2275A7DAF7811C28 /* Pods_MindfulWasteOfficialTests.framework in Frameworks */,
			);
			runOnlyForDeploymentPostprocessing = 0;
		};
		95921C832155F88B00978330 /* Frameworks */ = {
			isa = PBXFrameworksBuildPhase;
			buildActionMask = 2147483647;
			files = (
				9B0FFE8032E831746D2B6D1C /* Pods_MindfulWasteOfficialUITests.framework in Frameworks */,
			);
			runOnlyForDeploymentPostprocessing = 0;
		};
/* End PBXFrameworksBuildPhase section */

/* Begin PBXGroup section */
		2B5E9EF505BD5A9D5A0FE431 /* Frameworks */ = {
			isa = PBXGroup;
			children = (
				687143EA1468C46A01BBF885 /* Pods_MindfulWasteOfficial.framework */,
				E49E472B42DC06CC70FEE0BC /* Pods_MindfulWasteOfficialTests.framework */,
				C4831B2E647B692B56B318D7 /* Pods_MindfulWasteOfficialUITests.framework */,
			);
			name = Frameworks;
			sourceTree = "<group>";
		};
		52B1BD1F77119B46394E2E99 /* Pods */ = {
			isa = PBXGroup;
			children = (
				182672F403ABFB0B6025A359 /* Pods-MindfulWasteOfficial.debug.xcconfig */,
				4577BE6A7AE9919E8C87CD83 /* Pods-MindfulWasteOfficial.release.xcconfig */,
				2485717E7182226A95A9959A /* Pods-MindfulWasteOfficialTests.debug.xcconfig */,
				65F9DA0AE5D17117DBD80CA4 /* Pods-MindfulWasteOfficialTests.release.xcconfig */,
				EC67F2F82499F4F519FB6899 /* Pods-MindfulWasteOfficialUITests.debug.xcconfig */,
				1F238026947CAE408510F37B /* Pods-MindfulWasteOfficialUITests.release.xcconfig */,
			);
			name = Pods;
			sourceTree = "<group>";
		};
		950F05532310D57100B44470 /* LoginFiles */ = {
			isa = PBXGroup;
			children = (
				950F05682310EDA400B44470 /* ViewControllers */,
				950F05642310E7E300B44470 /* LoginController.swift */,
			);
			path = LoginFiles;
			sourceTree = "<group>";
		};
		950F05562310D59900B44470 /* StoryboardFiles */ = {
			isa = PBXGroup;
			children = (
				950F054A230FCDC100B44470 /* Intro.storyboard */,
				950F05592310D83D00B44470 /* Main.storyboard */,
			);
			path = StoryboardFiles;
			sourceTree = "<group>";
		};
		950F055F2310E11800B44470 /* MainFiles */ = {
			isa = PBXGroup;
			children = (
				95F7162B2314A3F4006BBF84 /* TableViewCells */,
				95F7162823148284006BBF84 /* ViewControllers */,
			);
			path = MainFiles;
			sourceTree = "<group>";
		};
		950F05682310EDA400B44470 /* ViewControllers */ = {
			isa = PBXGroup;
			children = (
				950F05542310D58400B44470 /* IntroViewController.swift */,
				950F055B2310D86A00B44470 /* VolunteerLoginViewController.swift */,
				950F055D2310D88F00B44470 /* AdminLoginViewController.swift */,
			);
			path = ViewControllers;
			sourceTree = "<group>";
		};
		950F05692310EDE200B44470 /* Models */ = {
			isa = PBXGroup;
			children = (
				950F05662310E87B00B44470 /* MindfulWasteUser.swift */,
				950F05572310D69B00B44470 /* MindfulWasteBaseViewController.swift */,
			);
			path = Models;
			sourceTree = "<group>";
		};
		95921C5E2155F88900978330 = {
			isa = PBXGroup;
			children = (
				95921C692155F88900978330 /* MindfulWasteOfficial */,
				95921C7E2155F88B00978330 /* MindfulWasteOfficialTests */,
				95921C892155F88B00978330 /* MindfulWasteOfficialUITests */,
				95921C682155F88900978330 /* Products */,
				52B1BD1F77119B46394E2E99 /* Pods */,
				2B5E9EF505BD5A9D5A0FE431 /* Frameworks */,
			);
			sourceTree = "<group>";
		};
		95921C682155F88900978330 /* Products */ = {
			isa = PBXGroup;
			children = (
				95921C672155F88900978330 /* MindfulWasteOfficial.app */,
				95921C7B2155F88B00978330 /* MindfulWasteOfficialTests.xctest */,
				95921C862155F88B00978330 /* MindfulWasteOfficialUITests.xctest */,
			);
			name = Products;
			sourceTree = "<group>";
		};
		95921C692155F88900978330 /* MindfulWasteOfficial */ = {
			isa = PBXGroup;
			children = (
				95921C6A2155F88900978330 /* AppDelegate.swift */,
				95921C712155F88B00978330 /* Assets.xcassets */,
				95921C732155F88B00978330 /* LaunchScreen.storyboard */,
				95921C762155F88B00978330 /* Info.plist */,
				950F054C230FCF8200B44470 /* Constants.swift */,
				950F05562310D59900B44470 /* StoryboardFiles */,
				950F05692310EDE200B44470 /* Models */,
				950F05532310D57100B44470 /* LoginFiles */,
				950F055F2310E11800B44470 /* MainFiles */,
			);
			path = MindfulWasteOfficial;
			sourceTree = "<group>";
		};
		95921C7E2155F88B00978330 /* MindfulWasteOfficialTests */ = {
			isa = PBXGroup;
			children = (
				95921C7F2155F88B00978330 /* MindfulWasteOfficialTests.swift */,
				95921C812155F88B00978330 /* Info.plist */,
			);
			path = MindfulWasteOfficialTests;
			sourceTree = "<group>";
		};
		95921C892155F88B00978330 /* MindfulWasteOfficialUITests */ = {
			isa = PBXGroup;
			children = (
				95921C8A2155F88B00978330 /* MindfulWasteOfficialUITests.swift */,
				95921C8C2155F88B00978330 /* Info.plist */,
			);
			path = MindfulWasteOfficialUITests;
			sourceTree = "<group>";
		};
		95F7162823148284006BBF84 /* ViewControllers */ = {
			isa = PBXGroup;
			children = (
				950F05602310E1A000B44470 /* HomeViewController.swift */,
				95F7162623148216006BBF84 /* NewReportViewController.swift */,
			);
			path = ViewControllers;
			sourceTree = "<group>";
		};
		95F7162B2314A3F4006BBF84 /* TableViewCells */ = {
			isa = PBXGroup;
			children = (
				95F716292314A3E9006BBF84 /* NewReportCell.swift */,
				95F7162C2314A435006BBF84 /* NewReportCell.xib */,
			);
			path = TableViewCells;
			sourceTree = "<group>";
		};
/* End PBXGroup section */

/* Begin PBXNativeTarget section */
		95921C662155F88900978330 /* MindfulWasteOfficial */ = {
			isa = PBXNativeTarget;
			buildConfigurationList = 95921C8F2155F88B00978330 /* Build configuration list for PBXNativeTarget "MindfulWasteOfficial" */;
			buildPhases = (
				5141068B4960167A4B1E50BB /* [CP] Check Pods Manifest.lock */,
				95921C632155F88900978330 /* Sources */,
				95921C642155F88900978330 /* Frameworks */,
				95921C652155F88900978330 /* Resources */,
				5E0F4A3F9B7DA6436A7AB313 /* [CP] Embed Pods Frameworks */,
			);
			buildRules = (
			);
			dependencies = (
			);
			name = MindfulWasteOfficial;
			productName = MindfulWasteOfficial;
			productReference = 95921C672155F88900978330 /* MindfulWasteOfficial.app */;
			productType = "com.apple.product-type.application";
		};
		95921C7A2155F88B00978330 /* MindfulWasteOfficialTests */ = {
			isa = PBXNativeTarget;
			buildConfigurationList = 95921C922155F88B00978330 /* Build configuration list for PBXNativeTarget "MindfulWasteOfficialTests" */;
			buildPhases = (
				0273E3391D868B46EFF5E88D /* [CP] Check Pods Manifest.lock */,
				95921C772155F88B00978330 /* Sources */,
				95921C782155F88B00978330 /* Frameworks */,
				95921C792155F88B00978330 /* Resources */,
			);
			buildRules = (
			);
			dependencies = (
				95921C7D2155F88B00978330 /* PBXTargetDependency */,
			);
			name = MindfulWasteOfficialTests;
			productName = MindfulWasteOfficialTests;
			productReference = 95921C7B2155F88B00978330 /* MindfulWasteOfficialTests.xctest */;
			productType = "com.apple.product-type.bundle.unit-test";
		};
		95921C852155F88B00978330 /* MindfulWasteOfficialUITests */ = {
			isa = PBXNativeTarget;
			buildConfigurationList = 95921C952155F88B00978330 /* Build configuration list for PBXNativeTarget "MindfulWasteOfficialUITests" */;
			buildPhases = (
				E46F21EC69297615598F31A2 /* [CP] Check Pods Manifest.lock */,
				95921C822155F88B00978330 /* Sources */,
				95921C832155F88B00978330 /* Frameworks */,
				95921C842155F88B00978330 /* Resources */,
			);
			buildRules = (
			);
			dependencies = (
				95921C882155F88B00978330 /* PBXTargetDependency */,
			);
			name = MindfulWasteOfficialUITests;
			productName = MindfulWasteOfficialUITests;
			productReference = 95921C862155F88B00978330 /* MindfulWasteOfficialUITests.xctest */;
			productType = "com.apple.product-type.bundle.ui-testing";
		};
/* End PBXNativeTarget section */

/* Begin PBXProject section */
		95921C5F2155F88900978330 /* Project object */ = {
			isa = PBXProject;
			attributes = {
				LastSwiftUpdateCheck = 0940;
				LastUpgradeCheck = 0940;
				ORGANIZATIONNAME = "Alex Drewno";
				TargetAttributes = {
					95921C662155F88900978330 = {
						CreatedOnToolsVersion = 9.4.1;
					};
					95921C7A2155F88B00978330 = {
						CreatedOnToolsVersion = 9.4.1;
						TestTargetID = 95921C662155F88900978330;
					};
					95921C852155F88B00978330 = {
						CreatedOnToolsVersion = 9.4.1;
						TestTargetID = 95921C662155F88900978330;
					};
				};
			};
			buildConfigurationList = 95921C622155F88900978330 /* Build configuration list for PBXProject "MindfulWasteOfficial" */;
			compatibilityVersion = "Xcode 9.3";
			developmentRegion = en;
			hasScannedForEncodings = 0;
			knownRegions = (
				en,
				Base,
			);
			mainGroup = 95921C5E2155F88900978330;
			productRefGroup = 95921C682155F88900978330 /* Products */;
			projectDirPath = "";
			projectRoot = "";
			targets = (
				95921C662155F88900978330 /* MindfulWasteOfficial */,
				95921C7A2155F88B00978330 /* MindfulWasteOfficialTests */,
				95921C852155F88B00978330 /* MindfulWasteOfficialUITests */,
			);
		};
/* End PBXProject section */

/* Begin PBXResourcesBuildPhase section */
		95921C652155F88900978330 /* Resources */ = {
			isa = PBXResourcesBuildPhase;
			buildActionMask = 2147483647;
			files = (
				95921C752155F88B00978330 /* LaunchScreen.storyboard in Resources */,
				95F7162D2314A435006BBF84 /* NewReportCell.xib in Resources */,
				950F055A2310D83D00B44470 /* Main.storyboard in Resources */,
				95921C722155F88B00978330 /* Assets.xcassets in Resources */,
				950F054B230FCDC100B44470 /* Intro.storyboard in Resources */,
			);
			runOnlyForDeploymentPostprocessing = 0;
		};
		95921C792155F88B00978330 /* Resources */ = {
			isa = PBXResourcesBuildPhase;
			buildActionMask = 2147483647;
			files = (
			);
			runOnlyForDeploymentPostprocessing = 0;
		};
		95921C842155F88B00978330 /* Resources */ = {
			isa = PBXResourcesBuildPhase;
			buildActionMask = 2147483647;
			files = (
			);
			runOnlyForDeploymentPostprocessing = 0;
		};
/* End PBXResourcesBuildPhase section */

/* Begin PBXShellScriptBuildPhase section */
		0273E3391D868B46EFF5E88D /* [CP] Check Pods Manifest.lock */ = {
			isa = PBXShellScriptBuildPhase;
			buildActionMask = 2147483647;
			files = (
			);
			inputPaths = (
				"${PODS_PODFILE_DIR_PATH}/Podfile.lock",
				"${PODS_ROOT}/Manifest.lock",
			);
			name = "[CP] Check Pods Manifest.lock";
			outputPaths = (
				"$(DERIVED_FILE_DIR)/Pods-MindfulWasteOfficialTests-checkManifestLockResult.txt",
			);
			runOnlyForDeploymentPostprocessing = 0;
			shellPath = /bin/sh;
			shellScript = "diff \"${PODS_PODFILE_DIR_PATH}/Podfile.lock\" \"${PODS_ROOT}/Manifest.lock\" > /dev/null\nif [ $? != 0 ] ; then\n    # print error to STDERR\n    echo \"error: The sandbox is not in sync with the Podfile.lock. Run 'pod install' or update your CocoaPods installation.\" >&2\n    exit 1\nfi\n# This output is used by Xcode 'outputs' to avoid re-running this script phase.\necho \"SUCCESS\" > \"${SCRIPT_OUTPUT_FILE_0}\"\n";
			showEnvVarsInLog = 0;
		};
		5141068B4960167A4B1E50BB /* [CP] Check Pods Manifest.lock */ = {
			isa = PBXShellScriptBuildPhase;
			buildActionMask = 2147483647;
			files = (
			);
			inputPaths = (
				"${PODS_PODFILE_DIR_PATH}/Podfile.lock",
				"${PODS_ROOT}/Manifest.lock",
			);
			name = "[CP] Check Pods Manifest.lock";
			outputPaths = (
				"$(DERIVED_FILE_DIR)/Pods-MindfulWasteOfficial-checkManifestLockResult.txt",
			);
			runOnlyForDeploymentPostprocessing = 0;
			shellPath = /bin/sh;
			shellScript = "diff \"${PODS_PODFILE_DIR_PATH}/Podfile.lock\" \"${PODS_ROOT}/Manifest.lock\" > /dev/null\nif [ $? != 0 ] ; then\n    # print error to STDERR\n    echo \"error: The sandbox is not in sync with the Podfile.lock. Run 'pod install' or update your CocoaPods installation.\" >&2\n    exit 1\nfi\n# This output is used by Xcode 'outputs' to avoid re-running this script phase.\necho \"SUCCESS\" > \"${SCRIPT_OUTPUT_FILE_0}\"\n";
			showEnvVarsInLog = 0;
		};
		5E0F4A3F9B7DA6436A7AB313 /* [CP] Embed Pods Frameworks */ = {
			isa = PBXShellScriptBuildPhase;
			buildActionMask = 2147483647;
			files = (
			);
			inputPaths = (
				"${SRCROOT}/Pods/Target Support Files/Pods-MindfulWasteOfficial/Pods-MindfulWasteOfficial-frameworks.sh",
				"${BUILT_PRODUCTS_DIR}/FoldingCell/FoldingCell.framework",
				"${BUILT_PRODUCTS_DIR}/GoogleUtilities/GoogleUtilities.framework",
				"${BUILT_PRODUCTS_DIR}/leveldb-library/leveldb.framework",
				"${BUILT_PRODUCTS_DIR}/nanopb/nanopb.framework",
			);
			name = "[CP] Embed Pods Frameworks";
			outputPaths = (
				"${TARGET_BUILD_DIR}/${FRAMEWORKS_FOLDER_PATH}/FoldingCell.framework",
				"${TARGET_BUILD_DIR}/${FRAMEWORKS_FOLDER_PATH}/GoogleUtilities.framework",
				"${TARGET_BUILD_DIR}/${FRAMEWORKS_FOLDER_PATH}/leveldb.framework",
				"${TARGET_BUILD_DIR}/${FRAMEWORKS_FOLDER_PATH}/nanopb.framework",
			);
			runOnlyForDeploymentPostprocessing = 0;
			shellPath = /bin/sh;
			shellScript = "\"${SRCROOT}/Pods/Target Support Files/Pods-MindfulWasteOfficial/Pods-MindfulWasteOfficial-frameworks.sh\"\n";
			showEnvVarsInLog = 0;
		};
		E46F21EC69297615598F31A2 /* [CP] Check Pods Manifest.lock */ = {
			isa = PBXShellScriptBuildPhase;
			buildActionMask = 2147483647;
			files = (
			);
			inputPaths = (
				"${PODS_PODFILE_DIR_PATH}/Podfile.lock",
				"${PODS_ROOT}/Manifest.lock",
			);
			name = "[CP] Check Pods Manifest.lock";
			outputPaths = (
				"$(DERIVED_FILE_DIR)/Pods-MindfulWasteOfficialUITests-checkManifestLockResult.txt",
			);
			runOnlyForDeploymentPostprocessing = 0;
			shellPath = /bin/sh;
			shellScript = "diff \"${PODS_PODFILE_DIR_PATH}/Podfile.lock\" \"${PODS_ROOT}/Manifest.lock\" > /dev/null\nif [ $? != 0 ] ; then\n    # print error to STDERR\n    echo \"error: The sandbox is not in sync with the Podfile.lock. Run 'pod install' or update your CocoaPods installation.\" >&2\n    exit 1\nfi\n# This output is used by Xcode 'outputs' to avoid re-running this script phase.\necho \"SUCCESS\" > \"${SCRIPT_OUTPUT_FILE_0}\"\n";
			showEnvVarsInLog = 0;
		};
/* End PBXShellScriptBuildPhase section */

/* Begin PBXSourcesBuildPhase section */
		95921C632155F88900978330 /* Sources */ = {
			isa = PBXSourcesBuildPhase;
			buildActionMask = 2147483647;
			files = (
				950F055E2310D88F00B44470 /* AdminLoginViewController.swift in Sources */,
				950F05582310D69B00B44470 /* MindfulWasteBaseViewController.swift in Sources */,
				950F055C2310D86A00B44470 /* VolunteerLoginViewController.swift in Sources */,
				950F05552310D58400B44470 /* IntroViewController.swift in Sources */,
				950F05672310E87B00B44470 /* MindfulWasteUser.swift in Sources */,
				95F7162723148216006BBF84 /* NewReportViewController.swift in Sources */,
				95921C6B2155F88900978330 /* AppDelegate.swift in Sources */,
				95F7162A2314A3E9006BBF84 /* NewReportCell.swift in Sources */,
				950F05652310E7E300B44470 /* LoginController.swift in Sources */,
				950F05612310E1A000B44470 /* HomeViewController.swift in Sources */,
				950F054D230FCF8200B44470 /* Constants.swift in Sources */,
			);
			runOnlyForDeploymentPostprocessing = 0;
		};
		95921C772155F88B00978330 /* Sources */ = {
			isa = PBXSourcesBuildPhase;
			buildActionMask = 2147483647;
			files = (
				95921C802155F88B00978330 /* MindfulWasteOfficialTests.swift in Sources */,
			);
			runOnlyForDeploymentPostprocessing = 0;
		};
		95921C822155F88B00978330 /* Sources */ = {
			isa = PBXSourcesBuildPhase;
			buildActionMask = 2147483647;
			files = (
				95921C8B2155F88B00978330 /* MindfulWasteOfficialUITests.swift in Sources */,
			);
			runOnlyForDeploymentPostprocessing = 0;
		};
/* End PBXSourcesBuildPhase section */

/* Begin PBXTargetDependency section */
		95921C7D2155F88B00978330 /* PBXTargetDependency */ = {
			isa = PBXTargetDependency;
			target = 95921C662155F88900978330 /* MindfulWasteOfficial */;
			targetProxy = 95921C7C2155F88B00978330 /* PBXContainerItemProxy */;
		};
		95921C882155F88B00978330 /* PBXTargetDependency */ = {
			isa = PBXTargetDependency;
			target = 95921C662155F88900978330 /* MindfulWasteOfficial */;
			targetProxy = 95921C872155F88B00978330 /* PBXContainerItemProxy */;
		};
/* End PBXTargetDependency section */

/* Begin PBXVariantGroup section */
		95921C732155F88B00978330 /* LaunchScreen.storyboard */ = {
			isa = PBXVariantGroup;
			children = (
				95921C742155F88B00978330 /* Base */,
			);
			name = LaunchScreen.storyboard;
			sourceTree = "<group>";
		};
/* End PBXVariantGroup section */

/* Begin XCBuildConfiguration section */
		95921C8D2155F88B00978330 /* Debug */ = {
			isa = XCBuildConfiguration;
			buildSettings = {
				ALWAYS_SEARCH_USER_PATHS = NO;
				CLANG_ANALYZER_NONNULL = YES;
				CLANG_ANALYZER_NUMBER_OBJECT_CONVERSION = YES_AGGRESSIVE;
				CLANG_CXX_LANGUAGE_STANDARD = "gnu++14";
				CLANG_CXX_LIBRARY = "libc++";
				CLANG_ENABLE_MODULES = YES;
				CLANG_ENABLE_OBJC_ARC = YES;
				CLANG_ENABLE_OBJC_WEAK = YES;
				CLANG_WARN_BLOCK_CAPTURE_AUTORELEASING = YES;
				CLANG_WARN_BOOL_CONVERSION = YES;
				CLANG_WARN_COMMA = YES;
				CLANG_WARN_CONSTANT_CONVERSION = YES;
				CLANG_WARN_DEPRECATED_OBJC_IMPLEMENTATIONS = YES;
				CLANG_WARN_DIRECT_OBJC_ISA_USAGE = YES_ERROR;
				CLANG_WARN_DOCUMENTATION_COMMENTS = YES;
				CLANG_WARN_EMPTY_BODY = YES;
				CLANG_WARN_ENUM_CONVERSION = YES;
				CLANG_WARN_INFINITE_RECURSION = YES;
				CLANG_WARN_INT_CONVERSION = YES;
				CLANG_WARN_NON_LITERAL_NULL_CONVERSION = YES;
				CLANG_WARN_OBJC_IMPLICIT_RETAIN_SELF = YES;
				CLANG_WARN_OBJC_LITERAL_CONVERSION = YES;
				CLANG_WARN_OBJC_ROOT_CLASS = YES_ERROR;
				CLANG_WARN_RANGE_LOOP_ANALYSIS = YES;
				CLANG_WARN_STRICT_PROTOTYPES = YES;
				CLANG_WARN_SUSPICIOUS_MOVE = YES;
				CLANG_WARN_UNGUARDED_AVAILABILITY = YES_AGGRESSIVE;
				CLANG_WARN_UNREACHABLE_CODE = YES;
				CLANG_WARN__DUPLICATE_METHOD_MATCH = YES;
				CODE_SIGN_IDENTITY = "iPhone Developer";
				COPY_PHASE_STRIP = NO;
				DEBUG_INFORMATION_FORMAT = dwarf;
				ENABLE_STRICT_OBJC_MSGSEND = YES;
				ENABLE_TESTABILITY = YES;
				GCC_C_LANGUAGE_STANDARD = gnu11;
				GCC_DYNAMIC_NO_PIC = NO;
				GCC_NO_COMMON_BLOCKS = YES;
				GCC_OPTIMIZATION_LEVEL = 0;
				GCC_PREPROCESSOR_DEFINITIONS = (
					"DEBUG=1",
					"$(inherited)",
				);
				GCC_WARN_64_TO_32_BIT_CONVERSION = YES;
				GCC_WARN_ABOUT_RETURN_TYPE = YES_ERROR;
				GCC_WARN_UNDECLARED_SELECTOR = YES;
				GCC_WARN_UNINITIALIZED_AUTOS = YES_AGGRESSIVE;
				GCC_WARN_UNUSED_FUNCTION = YES;
				GCC_WARN_UNUSED_VARIABLE = YES;
				IPHONEOS_DEPLOYMENT_TARGET = 11.4;
				MTL_ENABLE_DEBUG_INFO = YES;
				ONLY_ACTIVE_ARCH = YES;
				SDKROOT = iphoneos;
				SWIFT_ACTIVE_COMPILATION_CONDITIONS = DEBUG;
				SWIFT_OPTIMIZATION_LEVEL = "-Onone";
			};
			name = Debug;
		};
		95921C8E2155F88B00978330 /* Release */ = {
			isa = XCBuildConfiguration;
			buildSettings = {
				ALWAYS_SEARCH_USER_PATHS = NO;
				CLANG_ANALYZER_NONNULL = YES;
				CLANG_ANALYZER_NUMBER_OBJECT_CONVERSION = YES_AGGRESSIVE;
				CLANG_CXX_LANGUAGE_STANDARD = "gnu++14";
				CLANG_CXX_LIBRARY = "libc++";
				CLANG_ENABLE_MODULES = YES;
				CLANG_ENABLE_OBJC_ARC = YES;
				CLANG_ENABLE_OBJC_WEAK = YES;
				CLANG_WARN_BLOCK_CAPTURE_AUTORELEASING = YES;
				CLANG_WARN_BOOL_CONVERSION = YES;
				CLANG_WARN_COMMA = YES;
				CLANG_WARN_CONSTANT_CONVERSION = YES;
				CLANG_WARN_DEPRECATED_OBJC_IMPLEMENTATIONS = YES;
				CLANG_WARN_DIRECT_OBJC_ISA_USAGE = YES_ERROR;
				CLANG_WARN_DOCUMENTATION_COMMENTS = YES;
				CLANG_WARN_EMPTY_BODY = YES;
				CLANG_WARN_ENUM_CONVERSION = YES;
				CLANG_WARN_INFINITE_RECURSION = YES;
				CLANG_WARN_INT_CONVERSION = YES;
				CLANG_WARN_NON_LITERAL_NULL_CONVERSION = YES;
				CLANG_WARN_OBJC_IMPLICIT_RETAIN_SELF = YES;
				CLANG_WARN_OBJC_LITERAL_CONVERSION = YES;
				CLANG_WARN_OBJC_ROOT_CLASS = YES_ERROR;
				CLANG_WARN_RANGE_LOOP_ANALYSIS = YES;
				CLANG_WARN_STRICT_PROTOTYPES = YES;
				CLANG_WARN_SUSPICIOUS_MOVE = YES;
				CLANG_WARN_UNGUARDED_AVAILABILITY = YES_AGGRESSIVE;
				CLANG_WARN_UNREACHABLE_CODE = YES;
				CLANG_WARN__DUPLICATE_METHOD_MATCH = YES;
				CODE_SIGN_IDENTITY = "iPhone Developer";
				COPY_PHASE_STRIP = NO;
				DEBUG_INFORMATION_FORMAT = "dwarf-with-dsym";
				ENABLE_NS_ASSERTIONS = NO;
				ENABLE_STRICT_OBJC_MSGSEND = YES;
				GCC_C_LANGUAGE_STANDARD = gnu11;
				GCC_NO_COMMON_BLOCKS = YES;
				GCC_WARN_64_TO_32_BIT_CONVERSION = YES;
				GCC_WARN_ABOUT_RETURN_TYPE = YES_ERROR;
				GCC_WARN_UNDECLARED_SELECTOR = YES;
				GCC_WARN_UNINITIALIZED_AUTOS = YES_AGGRESSIVE;
				GCC_WARN_UNUSED_FUNCTION = YES;
				GCC_WARN_UNUSED_VARIABLE = YES;
				IPHONEOS_DEPLOYMENT_TARGET = 11.4;
				MTL_ENABLE_DEBUG_INFO = NO;
				SDKROOT = iphoneos;
				SWIFT_COMPILATION_MODE = wholemodule;
				SWIFT_OPTIMIZATION_LEVEL = "-O";
				VALIDATE_PRODUCT = YES;
			};
			name = Release;
		};
		95921C902155F88B00978330 /* Debug */ = {
			isa = XCBuildConfiguration;
			baseConfigurationReference = 182672F403ABFB0B6025A359 /* Pods-MindfulWasteOfficial.debug.xcconfig */;
			buildSettings = {
				ASSETCATALOG_COMPILER_APPICON_NAME = AppIcon;
				CODE_SIGN_STYLE = Automatic;
				DEVELOPMENT_TEAM = 5Q75DE3GYF;
				INFOPLIST_FILE = MindfulWasteOfficial/Info.plist;
				LD_RUNPATH_SEARCH_PATHS = (
					"$(inherited)",
					"@executable_path/Frameworks",
				);
				PRODUCT_BUNDLE_IDENTIFIER = adrewno1.MindfulWasteOfficial;
				PRODUCT_NAME = "$(TARGET_NAME)";
				SWIFT_VERSION = 4.0;
				TARGETED_DEVICE_FAMILY = "1,2";
			};
			name = Debug;
		};
		95921C912155F88B00978330 /* Release */ = {
			isa = XCBuildConfiguration;
			baseConfigurationReference = 4577BE6A7AE9919E8C87CD83 /* Pods-MindfulWasteOfficial.release.xcconfig */;
			buildSettings = {
				ASSETCATALOG_COMPILER_APPICON_NAME = AppIcon;
				CODE_SIGN_STYLE = Automatic;
				DEVELOPMENT_TEAM = 5Q75DE3GYF;
				INFOPLIST_FILE = MindfulWasteOfficial/Info.plist;
				LD_RUNPATH_SEARCH_PATHS = (
					"$(inherited)",
					"@executable_path/Frameworks",
				);
				PRODUCT_BUNDLE_IDENTIFIER = adrewno1.MindfulWasteOfficial;
				PRODUCT_NAME = "$(TARGET_NAME)";
				SWIFT_VERSION = 4.0;
				TARGETED_DEVICE_FAMILY = "1,2";
			};
			name = Release;
		};
		95921C932155F88B00978330 /* Debug */ = {
			isa = XCBuildConfiguration;
			baseConfigurationReference = 2485717E7182226A95A9959A /* Pods-MindfulWasteOfficialTests.debug.xcconfig */;
			buildSettings = {
				ALWAYS_EMBED_SWIFT_STANDARD_LIBRARIES = YES;
				BUNDLE_LOADER = "$(TEST_HOST)";
				CODE_SIGN_STYLE = Automatic;
				DEVELOPMENT_TEAM = 5Q75DE3GYF;
				INFOPLIST_FILE = MindfulWasteOfficialTests/Info.plist;
				LD_RUNPATH_SEARCH_PATHS = (
					"$(inherited)",
					"@executable_path/Frameworks",
					"@loader_path/Frameworks",
				);
				PRODUCT_BUNDLE_IDENTIFIER = adrewno1.MindfulWasteOfficialTests;
				PRODUCT_NAME = "$(TARGET_NAME)";
				SWIFT_VERSION = 4.0;
				TARGETED_DEVICE_FAMILY = "1,2";
				TEST_HOST = "$(BUILT_PRODUCTS_DIR)/MindfulWasteOfficial.app/MindfulWasteOfficial";
			};
			name = Debug;
		};
		95921C942155F88B00978330 /* Release */ = {
			isa = XCBuildConfiguration;
			baseConfigurationReference = 65F9DA0AE5D17117DBD80CA4 /* Pods-MindfulWasteOfficialTests.release.xcconfig */;
			buildSettings = {
				ALWAYS_EMBED_SWIFT_STANDARD_LIBRARIES = YES;
				BUNDLE_LOADER = "$(TEST_HOST)";
				CODE_SIGN_STYLE = Automatic;
				DEVELOPMENT_TEAM = 5Q75DE3GYF;
				INFOPLIST_FILE = MindfulWasteOfficialTests/Info.plist;
				LD_RUNPATH_SEARCH_PATHS = (
					"$(inherited)",
					"@executable_path/Frameworks",
					"@loader_path/Frameworks",
				);
				PRODUCT_BUNDLE_IDENTIFIER = adrewno1.MindfulWasteOfficialTests;
				PRODUCT_NAME = "$(TARGET_NAME)";
				SWIFT_VERSION = 4.0;
				TARGETED_DEVICE_FAMILY = "1,2";
				TEST_HOST = "$(BUILT_PRODUCTS_DIR)/MindfulWasteOfficial.app/MindfulWasteOfficial";
			};
			name = Release;
		};
		95921C962155F88B00978330 /* Debug */ = {
			isa = XCBuildConfiguration;
			baseConfigurationReference = EC67F2F82499F4F519FB6899 /* Pods-MindfulWasteOfficialUITests.debug.xcconfig */;
			buildSettings = {
				ALWAYS_EMBED_SWIFT_STANDARD_LIBRARIES = YES;
				CODE_SIGN_STYLE = Automatic;
				DEVELOPMENT_TEAM = 5Q75DE3GYF;
				INFOPLIST_FILE = MindfulWasteOfficialUITests/Info.plist;
				LD_RUNPATH_SEARCH_PATHS = (
					"$(inherited)",
					"@executable_path/Frameworks",
					"@loader_path/Frameworks",
				);
				PRODUCT_BUNDLE_IDENTIFIER = adrewno1.MindfulWasteOfficialUITests;
				PRODUCT_NAME = "$(TARGET_NAME)";
				SWIFT_VERSION = 4.0;
				TARGETED_DEVICE_FAMILY = "1,2";
				TEST_TARGET_NAME = MindfulWasteOfficial;
			};
			name = Debug;
		};
		95921C972155F88B00978330 /* Release */ = {
			isa = XCBuildConfiguration;
			baseConfigurationReference = 1F238026947CAE408510F37B /* Pods-MindfulWasteOfficialUITests.release.xcconfig */;
			buildSettings = {
				ALWAYS_EMBED_SWIFT_STANDARD_LIBRARIES = YES;
				CODE_SIGN_STYLE = Automatic;
				DEVELOPMENT_TEAM = 5Q75DE3GYF;
				INFOPLIST_FILE = MindfulWasteOfficialUITests/Info.plist;
				LD_RUNPATH_SEARCH_PATHS = (
					"$(inherited)",
					"@executable_path/Frameworks",
					"@loader_path/Frameworks",
				);
				PRODUCT_BUNDLE_IDENTIFIER = adrewno1.MindfulWasteOfficialUITests;
				PRODUCT_NAME = "$(TARGET_NAME)";
				SWIFT_VERSION = 4.0;
				TARGETED_DEVICE_FAMILY = "1,2";
				TEST_TARGET_NAME = MindfulWasteOfficial;
			};
			name = Release;
		};
/* End XCBuildConfiguration section */

/* Begin XCConfigurationList section */
		95921C622155F88900978330 /* Build configuration list for PBXProject "MindfulWasteOfficial" */ = {
			isa = XCConfigurationList;
			buildConfigurations = (
				95921C8D2155F88B00978330 /* Debug */,
				95921C8E2155F88B00978330 /* Release */,
			);
			defaultConfigurationIsVisible = 0;
			defaultConfigurationName = Release;
		};
		95921C8F2155F88B00978330 /* Build configuration list for PBXNativeTarget "MindfulWasteOfficial" */ = {
			isa = XCConfigurationList;
			buildConfigurations = (
				95921C902155F88B00978330 /* Debug */,
				95921C912155F88B00978330 /* Release */,
			);
			defaultConfigurationIsVisible = 0;
			defaultConfigurationName = Release;
		};
		95921C922155F88B00978330 /* Build configuration list for PBXNativeTarget "MindfulWasteOfficialTests" */ = {
			isa = XCConfigurationList;
			buildConfigurations = (
				95921C932155F88B00978330 /* Debug */,
				95921C942155F88B00978330 /* Release */,
			);
			defaultConfigurationIsVisible = 0;
			defaultConfigurationName = Release;
		};
		95921C952155F88B00978330 /* Build configuration list for PBXNativeTarget "MindfulWasteOfficialUITests" */ = {
			isa = XCConfigurationList;
			buildConfigurations = (
				95921C962155F88B00978330 /* Debug */,
				95921C972155F88B00978330 /* Release */,
			);
			defaultConfigurationIsVisible = 0;
			defaultConfigurationName = Release;
		};
/* End XCConfigurationList section */
	};
	rootObject = 95921C5F2155F88900978330 /* Project object */;
}
